
Microsoft Visual Studio Solution File, Format Version 12.00
# Visual Studio Version 17
VisualStudioVersion = 17.7.34031.279
MinimumVisualStudioVersion = 10.0.40219.1
Project("{FAE04EC0-301F-11D3-BF4B-00C04F79EFBC}") = "Instructions", "Instructions.csproj", "{495EA837-658C-4717-949D-A35C6CC25051}"
EndProject
Global
	GlobalSection(SolutionConfigurationPlatforms) = preSolution
		Debug|Any CPU = Debug|Any CPU
		Release|Any CPU = Release|Any CPU
	EndGlobalSection
	GlobalSection(ProjectConfigurationPlatforms) = postSolution
		{495EA837-658C-4717-949D-A35C6CC25051}.Debug|Any CPU.ActiveCfg = Debug|Any CPU
		{495EA837-658C-4717-949D-A35C6CC25051}.Debug|Any CPU.Build.0 = Debug|Any CPU
		{495EA837-658C-4717-949D-A35C6CC25051}.Release|Any CPU.ActiveCfg = Release|Any CPU
		{495EA837-658C-4717-949D-A35C6CC25051}.Release|Any CPU.Build.0 = Release|Any CPU
	EndGlobalSection
	GlobalSection(SolutionProperties) = preSolution
		HideSolutionNode = FALSE
	EndGlobalSection
	GlobalSection(ExtensibilityGlobals) = postSolution
		SolutionGuid = {17FC5DD5-4EDC-4031-A4E5-9B50C6E94D17}
	EndGlobalSection
EndGlobal
